
Microsoft Visual Studio Solution File, Format Version 12.00
# Visual Studio Version 16
VisualStudioVersion = 16.0.31402.337
MinimumVisualStudioVersion = 10.0.40219.1
Project("{FAE04EC0-301F-11D3-BF4B-00C04F79EFBC}") = "RomanNumeralsKata", "RomanNumeralsKata\RomanNumeralsKata.csproj", "{DF644253-FAAF-44BF-9E42-FD5D970F8BEB}"
EndProject
Project("{FAE04EC0-301F-11D3-BF4B-00C04F79EFBC}") = "RomanNumeralsTes", "RomanNumeralsTes\RomanNumeralsTes.csproj", "{5F30F13D-7AED-47D5-AA61-9C502396308C}"
EndProject
Global
	GlobalSection(SolutionConfigurationPlatforms) = preSolution
		Debug|Any CPU = Debug|Any CPU
		Release|Any CPU = Release|Any CPU
	EndGlobalSection
	GlobalSection(ProjectConfigurationPlatforms) = postSolution
		{DF644253-FAAF-44BF-9E42-FD5D970F8BEB}.Debug|Any CPU.ActiveCfg = Debug|Any CPU
		{DF644253-FAAF-44BF-9E42-FD5D970F8BEB}.Debug|Any CPU.Build.0 = Debug|Any CPU
		{DF644253-FAAF-44BF-9E42-FD5D970F8BEB}.Release|Any CPU.ActiveCfg = Release|Any CPU
		{DF644253-FAAF-44BF-9E42-FD5D970F8BEB}.Release|Any CPU.Build.0 = Release|Any CPU
		{5F30F13D-7AED-47D5-AA61-9C502396308C}.Debug|Any CPU.ActiveCfg = Debug|Any CPU
		{5F30F13D-7AED-47D5-AA61-9C502396308C}.Debug|Any CPU.Build.0 = Debug|Any CPU
		{5F30F13D-7AED-47D5-AA61-9C502396308C}.Release|Any CPU.ActiveCfg = Release|Any CPU
		{5F30F13D-7AED-47D5-AA61-9C502396308C}.Release|Any CPU.Build.0 = Release|Any CPU
	EndGlobalSection
	GlobalSection(SolutionProperties) = preSolution
		HideSolutionNode = FALSE
	EndGlobalSection
	GlobalSection(ExtensibilityGlobals) = postSolution
		SolutionGuid = {6DC311DD-56CC-4652-8FE9-A3C3B8765430}
	EndGlobalSection
EndGlobal
